# DO NOT EDIT MANUALLY - Managed by Fern Replay
version: "1.0"
generations:
  - commit_sha: 52187bd2adbc5cd0d03d660604e61b811ae27f81
    tree_hash: 5b5d83130c63413cc037a8777888f8d2f88067e9
    timestamp: 2026-07-17T17:36:40.298Z
    cli_version: unknown
    generator_versions: {}
current_generation: 52187bd2adbc5cd0d03d660604e61b811ae27f81
patches: []
